// !$*UTF8*$!
{
	archiveVersion = 1;
	classes = {
	};
	objectVersion = 46;
	objects = {

/* Begin PBXBuildFile section */
		C30BDE93180BD72300D5C5D3 /* banner-1-tv.png in Resources */ = {isa = PBXBuildFile; fileRef = C30BDE8C180BD72300D5C5D3 /* banner-1-tv.png */; };
		C30BDE94180BD72300D5C5D3 /* banner-2-movies.png in Resources */ = {isa = PBXBuildFile; fileRef = C30BDE8D180BD72300D5C5D3 /* banner-2-movies.png */; };
		C30BDE95180BD72300D5C5D3 /* banner-3-web.png in Resources */ = {isa = PBXBuildFile; fileRef = C30BDE8E180BD72300D5C5D3 /* banner-3-web.png */; };
		C30BDE96180BD72300D5C5D3 /* cover-1.png in Resources */ = {isa = PBXBuildFile; fileRef = C30BDE8F180BD72300D5C5D3 /* cover-1.png */; };
		C30BDE97180BD72300D5C5D3 /* cover-2.png in Resources */ = {isa = PBXBuildFile; fileRef = C30BDE90180BD72300D5C5D3 /* cover-2.png */; };
		C30BDE98180BD72300D5C5D3 /* tv-mini-2.png in Resources */ = {isa = PBXBuildFile; fileRef = C30BDE91180BD72300D5C5D3 /* tv-mini-2.png */; };
		C30BDE99180BD72300D5C5D3 /* tv-mini.png in Resources */ = {isa = PBXBuildFile; fileRef = C30BDE92180BD72300D5C5D3 /* tv-mini.png */; };
		C30BDE9C180BD81000D5C5D3 /* MovieDAO.m in Sources */ = {isa = PBXBuildFile; fileRef = C30BDE9B180BD81000D5C5D3 /* MovieDAO.m */; };
		C30EF14717F9B3FE003C1468 /* SnappingLayoutGrid.m in Sources */ = {isa = PBXBuildFile; fileRef = C30EF14617F9B3FE003C1468 /* SnappingLayoutGrid.m */; };
		C31F954C180E773D00A26A99 /* InfoViewAnimationController.m in Sources */ = {isa = PBXBuildFile; fileRef = C31F954A180E773D00A26A99 /* InfoViewAnimationController.m */; };
		C31F954D180E773D00A26A99 /* InfoViewAnimationController.xib in Resources */ = {isa = PBXBuildFile; fileRef = C31F954B180E773D00A26A99 /* InfoViewAnimationController.xib */; };
		C34B8AAA17FC54B000014C1E /* ContentViewController.m in Sources */ = {isa = PBXBuildFile; fileRef = C34B8AA917FC54B000014C1E /* ContentViewController.m */; };
		C34BA707180BE7A300D26F96 /* PopOverController.m in Sources */ = {isa = PBXBuildFile; fileRef = C34BA705180BE7A300D26F96 /* PopOverController.m */; };
		C34BA708180BE7A300D26F96 /* PopOverController.xib in Resources */ = {isa = PBXBuildFile; fileRef = C34BA706180BE7A300D26F96 /* PopOverController.xib */; };
		C3B8A2261802E39100E19861 /* FilmPopOverViewController.m in Sources */ = {isa = PBXBuildFile; fileRef = C3B8A2241802E39000E19861 /* FilmPopOverViewController.m */; };
		C3B8A2271802E39100E19861 /* FilmPopOverViewController.xib in Resources */ = {isa = PBXBuildFile; fileRef = C3B8A2251802E39100E19861 /* FilmPopOverViewController.xib */; };
		C3BEDDD517FAB49D00E807D4 /* ContentDisplayView.m in Sources */ = {isa = PBXBuildFile; fileRef = C3BEDDD417FAB49D00E807D4 /* ContentDisplayView.m */; };
		C3C4CED317FC008D004FD63C /* ViewControllerHandler.m in Sources */ = {isa = PBXBuildFile; fileRef = C3C4CED217FC008D004FD63C /* ViewControllerHandler.m */; };
		C3C6DBCA180D25880045E8F6 /* InfoViewController.m in Sources */ = {isa = PBXBuildFile; fileRef = C3C6DBC9180D25870045E8F6 /* InfoViewController.m */; };
		C3C6DBCD180D37B80045E8F6 /* VionLabs.ttf in Resources */ = {isa = PBXBuildFile; fileRef = C3C6DBCC180D37B80045E8F6 /* VionLabs.ttf */; };
		C3C6DBCF180D46C40045E8F6 /* background.png in Resources */ = {isa = PBXBuildFile; fileRef = C3C6DBCE180D46C40045E8F6 /* background.png */; };
		C3C74C8A1808387500D9E144 /* OverviewController2.m in Sources */ = {isa = PBXBuildFile; fileRef = C3C74C881808387400D9E144 /* OverviewController2.m */; };
		C3C74C8B1808387500D9E144 /* OverviewController2.xib in Resources */ = {isa = PBXBuildFile; fileRef = C3C74C891808387500D9E144 /* OverviewController2.xib */; };
		C3C74C8F180845C300D9E144 /* SideScrollLayoutSmall.m in Sources */ = {isa = PBXBuildFile; fileRef = C3C74C8E180845C300D9E144 /* SideScrollLayoutSmall.m */; };
		C3C74C9218084A6700D9E144 /* SideScrollBig.m in Sources */ = {isa = PBXBuildFile; fileRef = C3C74C9118084A6700D9E144 /* SideScrollBig.m */; };
		C3C8491D17FD558D005E328A /* Movie.m in Sources */ = {isa = PBXBuildFile; fileRef = C3C8491C17FD558D005E328A /* Movie.m */; };
		C3C8492017FD55D3005E328A /* Actor.m in Sources */ = {isa = PBXBuildFile; fileRef = C3C8491F17FD55D3005E328A /* Actor.m */; };
		C3C8492B17FD9A0F005E328A /* SmartCollectionViewController.m in Sources */ = {isa = PBXBuildFile; fileRef = C3C8492917FD9A0F005E328A /* SmartCollectionViewController.m */; };
		C3C8492C17FD9A0F005E328A /* SmartCollectionViewController.xib in Resources */ = {isa = PBXBuildFile; fileRef = C3C8492A17FD9A0F005E328A /* SmartCollectionViewController.xib */; };
		C3DF6496180D70DC00C10F46 /* banner-3-movies.jpg in Resources */ = {isa = PBXBuildFile; fileRef = C3DF6493180D70DC00C10F46 /* banner-3-movies.jpg */; };
		C3DF6497180D70DC00C10F46 /* banner-4-movies.jpg in Resources */ = {isa = PBXBuildFile; fileRef = C3DF6494180D70DC00C10F46 /* banner-4-movies.jpg */; };
		C3DF6498180D70DC00C10F46 /* banner-5-movies.jpg in Resources */ = {isa = PBXBuildFile; fileRef = C3DF6495180D70DC00C10F46 /* banner-5-movies.jpg */; };
		C3DF649E180D70F900C10F46 /* cover-3.jpg in Resources */ = {isa = PBXBuildFile; fileRef = C3DF6499180D70F900C10F46 /* cover-3.jpg */; };
		C3DF64A0180D70F900C10F46 /* cover-5.jpg in Resources */ = {isa = PBXBuildFile; fileRef = C3DF649B180D70F900C10F46 /* cover-5.jpg */; };
		C3DF64A1180D70F900C10F46 /* cover-6.jpg in Resources */ = {isa = PBXBuildFile; fileRef = C3DF649C180D70F900C10F46 /* cover-6.jpg */; };
		C3DF64A2180D70F900C10F46 /* cover-7.jpg in Resources */ = {isa = PBXBuildFile; fileRef = C3DF649D180D70F900C10F46 /* cover-7.jpg */; };
		C3DF64A8180D8E0D00C10F46 /* DropDownMenu.m in Sources */ = {isa = PBXBuildFile; fileRef = C3DF64A7180D8E0D00C10F46 /* DropDownMenu.m */; };
		C3E686A81802B74400395C34 /* ListFlowLayout.m in Sources */ = {isa = PBXBuildFile; fileRef = C3E686A71802B74400395C34 /* ListFlowLayout.m */; };
		C3E686AB1802B76200395C34 /* GridFlowLayout.m in Sources */ = {isa = PBXBuildFile; fileRef = C3E686AA1802B76200395C34 /* GridFlowLayout.m */; };
		C3E686B21802BA2300395C34 /* ListCell.xib in Resources */ = {isa = PBXBuildFile; fileRef = C3E686B11802BA2300395C34 /* ListCell.xib */; };
		C3E686B51802BA3C00395C34 /* ListCell.m in Sources */ = {isa = PBXBuildFile; fileRef = C3E686B41802BA3C00395C34 /* ListCell.m */; };
		C3F34F461802BBB600CD4687 /* GridCell.xib in Resources */ = {isa = PBXBuildFile; fileRef = C3F34F451802BBB600CD4687 /* GridCell.xib */; };
		C3F34F491802BBE600CD4687 /* GridCell.m in Sources */ = {isa = PBXBuildFile; fileRef = C3F34F481802BBE600CD4687 /* GridCell.m */; };
		C3F4458E17F95DE400BCF352 /* ContentOverviewViewController.m in Sources */ = {isa = PBXBuildFile; fileRef = C3F4458C17F95DE400BCF352 /* ContentOverviewViewController.m */; };
		C3F4458F17F95DE400BCF352 /* ContentOverviewViewController.xib in Resources */ = {isa = PBXBuildFile; fileRef = C3F4458D17F95DE400BCF352 /* ContentOverviewViewController.xib */; };
		C3F4459217F9678900BCF352 /* ImageCell.m in Sources */ = {isa = PBXBuildFile; fileRef = C3F4459117F9678900BCF352 /* ImageCell.m */; };
		C3F4459417F967AD00BCF352 /* ImageCell.xib in Resources */ = {isa = PBXBuildFile; fileRef = C3F4459317F967AD00BCF352 /* ImageCell.xib */; };
		C3F4459717F96A6000BCF352 /* SnappingLayout.m in Sources */ = {isa = PBXBuildFile; fileRef = C3F4459617F96A6000BCF352 /* SnappingLayout.m */; };
		C3F74A9817F5B86D009DD81F /* UIKit.framework in Frameworks */ = {isa = PBXBuildFile; fileRef = C3F74A9717F5B86D009DD81F /* UIKit.framework */; };
		C3F74A9A17F5B86D009DD81F /* Foundation.framework in Frameworks */ = {isa = PBXBuildFile; fileRef = C3F74A9917F5B86D009DD81F /* Foundation.framework */; };
		C3F74A9C17F5B86D009DD81F /* CoreGraphics.framework in Frameworks */ = {isa = PBXBuildFile; fileRef = C3F74A9B17F5B86D009DD81F /* CoreGraphics.framework */; };
		C3F74A9E17F5B86D009DD81F /* CoreData.framework in Frameworks */ = {isa = PBXBuildFile; fileRef = C3F74A9D17F5B86D009DD81F /* CoreData.framework */; };
		C3F74AA417F5B86D009DD81F /* InfoPlist.strings in Resources */ = {isa = PBXBuildFile; fileRef = C3F74AA217F5B86D009DD81F /* InfoPlist.strings */; };
		C3F74AA617F5B86D009DD81F /* main.m in Sources */ = {isa = PBXBuildFile; fileRef = C3F74AA517F5B86D009DD81F /* main.m */; };
		C3F74AAA17F5B86D009DD81F /* AppDelegate.m in Sources */ = {isa = PBXBuildFile; fileRef = C3F74AA917F5B86D009DD81F /* AppDelegate.m */; };
		C3F74AAC17F5B86E009DD81F /* Default.png in Resources */ = {isa = PBXBuildFile; fileRef = C3F74AAB17F5B86E009DD81F /* Default.png */; };
		C3F74AAE17F5B86E009DD81F /* Default@2x.png in Resources */ = {isa = PBXBuildFile; fileRef = C3F74AAD17F5B86E009DD81F /* Default@2x.png */; };
		C3F74AB017F5B86E009DD81F /* Default-568h@2x.png in Resources */ = {isa = PBXBuildFile; fileRef = C3F74AAF17F5B86E009DD81F /* Default-568h@2x.png */; };
		C3F74AB317F5B86E009DD81F /* AtflickVersion2.xcdatamodeld in Sources */ = {isa = PBXBuildFile; fileRef = C3F74AB117F5B86E009DD81F /* AtflickVersion2.xcdatamodeld */; };
		C3F74ABB17F5B86E009DD81F /* SenTestingKit.framework in Frameworks */ = {isa = PBXBuildFile; fileRef = C3F74ABA17F5B86E009DD81F /* SenTestingKit.framework */; };
		C3F74ABC17F5B86E009DD81F /* UIKit.framework in Frameworks */ = {isa = PBXBuildFile; fileRef = C3F74A9717F5B86D009DD81F /* UIKit.framework */; };
		C3F74ABD17F5B86E009DD81F /* Foundation.framework in Frameworks */ = {isa = PBXBuildFile; fileRef = C3F74A9917F5B86D009DD81F /* Foundation.framework */; };
		C3F74ABE17F5B86E009DD81F /* CoreData.framework in Frameworks */ = {isa = PBXBuildFile; fileRef = C3F74A9D17F5B86D009DD81F /* CoreData.framework */; };
		C3F74AC617F5B86E009DD81F /* InfoPlist.strings in Resources */ = {isa = PBXBuildFile; fileRef = C3F74AC417F5B86E009DD81F /* InfoPlist.strings */; };
		C3F74AC917F5B86E009DD81F /* AtflickVersion2Tests.m in Sources */ = {isa = PBXBuildFile; fileRef = C3F74AC817F5B86E009DD81F /* AtflickVersion2Tests.m */; };
		C3F74AD517F5B8BE009DD81F /* RootViewController.m in Sources */ = {isa = PBXBuildFile; fileRef = C3F74AD317F5B8BE009DD81F /* RootViewController.m */; };
		C3F74AD617F5B8BE009DD81F /* RootViewController.xib in Resources */ = {isa = PBXBuildFile; fileRef = C3F74AD417F5B8BE009DD81F /* RootViewController.xib */; };
		C3F74ADB17F5BC0C009DD81F /* TvContentViewController.m in Sources */ = {isa = PBXBuildFile; fileRef = C3F74AD917F5BC0C009DD81F /* TvContentViewController.m */; };
		C3F74ADC17F5BC0C009DD81F /* TvContentViewController.xib in Resources */ = {isa = PBXBuildFile; fileRef = C3F74ADA17F5BC0C009DD81F /* TvContentViewController.xib */; };
		C3F74AE117F5BC36009DD81F /* FilmContentViewController.m in Sources */ = {isa = PBXBuildFile; fileRef = C3F74ADF17F5BC36009DD81F /* FilmContentViewController.m */; };
		C3F74AE217F5BC36009DD81F /* FilmContentViewController.xib in Resources */ = {isa = PBXBuildFile; fileRef = C3F74AE017F5BC36009DD81F /* FilmContentViewController.xib */; };
		C3F74AEB17F5C03A009DD81F /* MainMenuTableViewCell.m in Sources */ = {isa = PBXBuildFile; fileRef = C3F74AE617F5C03A009DD81F /* MainMenuTableViewCell.m */; };
		C3F74AEC17F5C03A009DD81F /* MainMenuTableViewCell.xib in Resources */ = {isa = PBXBuildFile; fileRef = C3F74AE717F5C03A009DD81F /* MainMenuTableViewCell.xib */; };
		C3F74AED17F5C03A009DD81F /* MainMenuViewController.m in Sources */ = {isa = PBXBuildFile; fileRef = C3F74AE917F5C03A009DD81F /* MainMenuViewController.m */; };
		C3F74AEE17F5C03A009DD81F /* MainMenuViewController.xib in Resources */ = {isa = PBXBuildFile; fileRef = C3F74AEA17F5C03A009DD81F /* MainMenuViewController.xib */; };
		C3F74AF217F5C2A6009DD81F /* ArrayDataSource.m in Sources */ = {isa = PBXBuildFile; fileRef = C3F74AF117F5C2A5009DD81F /* ArrayDataSource.m */; };
/* End PBXBuildFile section */

/* Begin PBXContainerItemProxy section */
		C3F74ABF17F5B86E009DD81F /* PBXContainerItemProxy */ = {
			isa = PBXContainerItemProxy;
			containerPortal = C3F74A8C17F5B86D009DD81F /* Project object */;
			proxyType = 1;
			remoteGlobalIDString = C3F74A9317F5B86D009DD81F;
			remoteInfo = AtflickVersion2;
		};
/* End PBXContainerItemProxy section */

/* Begin PBXFileReference section */
		C30BDE8C180BD72300D5C5D3 /* banner-1-tv.png */ = {isa = PBXFileReference; lastKnownFileType = image.png; path = "banner-1-tv.png"; sourceTree = "<group>"; };
		C30BDE8D180BD72300D5C5D3 /* banner-2-movies.png */ = {isa = PBXFileReference; lastKnownFileType = image.png; path = "banner-2-movies.png"; sourceTree = "<group>"; };
		C30BDE8E180BD72300D5C5D3 /* banner-3-web.png */ = {isa = PBXFileReference; lastKnownFileType = image.png; path = "banner-3-web.png"; sourceTree = "<group>"; };
		C30BDE8F180BD72300D5C5D3 /* cover-1.png */ = {isa = PBXFileReference; lastKnownFileType = image.png; path = "cover-1.png"; sourceTree = "<group>"; };
		C30BDE90180BD72300D5C5D3 /* cover-2.png */ = {isa = PBXFileReference; lastKnownFileType = image.png; path = "cover-2.png"; sourceTree = "<group>"; };
		C30BDE91180BD72300D5C5D3 /* tv-mini-2.png */ = {isa = PBXFileReference; lastKnownFileType = image.png; path = "tv-mini-2.png"; sourceTree = "<group>"; };
		C30BDE92180BD72300D5C5D3 /* tv-mini.png */ = {isa = PBXFileReference; lastKnownFileType = image.png; path = "tv-mini.png"; sourceTree = "<group>"; };
		C30BDE9A180BD81000D5C5D3 /* MovieDAO.h */ = {isa = PBXFileReference; fileEncoding = 4; lastKnownFileType = sourcecode.c.h; path = MovieDAO.h; sourceTree = "<group>"; };
		C30BDE9B180BD81000D5C5D3 /* MovieDAO.m */ = {isa = PBXFileReference; fileEncoding = 4; lastKnownFileType = sourcecode.c.objc; path = MovieDAO.m; sourceTree = "<group>"; };
		C30EF14517F9B3FE003C1468 /* SnappingLayoutGrid.h */ = {isa = PBXFileReference; fileEncoding = 4; lastKnownFileType = sourcecode.c.h; path = SnappingLayoutGrid.h; sourceTree = "<group>"; };
		C30EF14617F9B3FE003C1468 /* SnappingLayoutGrid.m */ = {isa = PBXFileReference; fileEncoding = 4; lastKnownFileType = sourcecode.c.objc; path = SnappingLayoutGrid.m; sourceTree = "<group>"; };
		C31F9549180E773D00A26A99 /* InfoViewAnimationController.h */ = {isa = PBXFileReference; fileEncoding = 4; lastKnownFileType = sourcecode.c.h; path = InfoViewAnimationController.h; sourceTree = "<group>"; };
		C31F954A180E773D00A26A99 /* InfoViewAnimationController.m */ = {isa = PBXFileReference; fileEncoding = 4; lastKnownFileType = sourcecode.c.objc; path = InfoViewAnimationController.m; sourceTree = "<group>"; };
		C31F954B180E773D00A26A99 /* InfoViewAnimationController.xib */ = {isa = PBXFileReference; fileEncoding = 4; lastKnownFileType = file.xib; path = InfoViewAnimationController.xib; sourceTree = "<group>"; };
		C348A541180C232200C49540 /* Colors.h */ = {isa = PBXFileReference; fileEncoding = 4; lastKnownFileType = sourcecode.c.h; path = Colors.h; sourceTree = "<group>"; };
		C34B8AA817FC54B000014C1E /* ContentViewController.h */ = {isa = PBXFileReference; fileEncoding = 4; lastKnownFileType = sourcecode.c.h; path = ContentViewController.h; sourceTree = "<group>"; };
		C34B8AA917FC54B000014C1E /* ContentViewController.m */ = {isa = PBXFileReference; fileEncoding = 4; lastKnownFileType = sourcecode.c.objc; path = ContentViewController.m; sourceTree = "<group>"; };
		C34BA704180BE7A300D26F96 /* PopOverController.h */ = {isa = PBXFileReference; fileEncoding = 4; lastKnownFileType = sourcecode.c.h; path = PopOverController.h; sourceTree = "<group>"; };
		C34BA705180BE7A300D26F96 /* PopOverController.m */ = {isa = PBXFileReference; fileEncoding = 4; lastKnownFileType = sourcecode.c.objc; path = PopOverController.m; sourceTree = "<group>"; };
		C34BA706180BE7A300D26F96 /* PopOverController.xib */ = {isa = PBXFileReference; fileEncoding = 4; lastKnownFileType = file.xib; path = PopOverController.xib; sourceTree = "<group>"; };
		C3B8A2231802E39000E19861 /* FilmPopOverViewController.h */ = {isa = PBXFileReference; fileEncoding = 4; lastKnownFileType = sourcecode.c.h; path = FilmPopOverViewController.h; sourceTree = "<group>"; };
		C3B8A2241802E39000E19861 /* FilmPopOverViewController.m */ = {isa = PBXFileReference; fileEncoding = 4; lastKnownFileType = sourcecode.c.objc; path = FilmPopOverViewController.m; sourceTree = "<group>"; };
		C3B8A2251802E39100E19861 /* FilmPopOverViewController.xib */ = {isa = PBXFileReference; fileEncoding = 4; lastKnownFileType = file.xib; path = FilmPopOverViewController.xib; sourceTree = "<group>"; };
		C3BEDDD317FAB49D00E807D4 /* ContentDisplayView.h */ = {isa = PBXFileReference; fileEncoding = 4; lastKnownFileType = sourcecode.c.h; path = ContentDisplayView.h; sourceTree = "<group>"; };
		C3BEDDD417FAB49D00E807D4 /* ContentDisplayView.m */ = {isa = PBXFileReference; fileEncoding = 4; lastKnownFileType = sourcecode.c.objc; path = ContentDisplayView.m; sourceTree = "<group>"; };
		C3C4CED117FC008D004FD63C /* ViewControllerHandler.h */ = {isa = PBXFileReference; fileEncoding = 4; lastKnownFileType = sourcecode.c.h; path = ViewControllerHandler.h; sourceTree = "<group>"; };
		C3C4CED217FC008D004FD63C /* ViewControllerHandler.m */ = {isa = PBXFileReference; fileEncoding = 4; lastKnownFileType = sourcecode.c.objc; path = ViewControllerHandler.m; sourceTree = "<group>"; };
		C3C6DBC8180D25870045E8F6 /* InfoViewController.h */ = {isa = PBXFileReference; fileEncoding = 4; lastKnownFileType = sourcecode.c.h; path = InfoViewController.h; sourceTree = "<group>"; };
		C3C6DBC9180D25870045E8F6 /* InfoViewController.m */ = {isa = PBXFileReference; fileEncoding = 4; lastKnownFileType = sourcecode.c.objc; path = InfoViewController.m; sourceTree = "<group>"; };
		C3C6DBCC180D37B80045E8F6 /* VionLabs.ttf */ = {isa = PBXFileReference; lastKnownFileType = file; path = VionLabs.ttf; sourceTree = "<group>"; };
		C3C6DBCE180D46C40045E8F6 /* background.png */ = {isa = PBXFileReference; lastKnownFileType = image.png; path = background.png; sourceTree = "<group>"; };
		C3C74C871808387300D9E144 /* OverviewController2.h */ = {isa = PBXFileReference; fileEncoding = 4; lastKnownFileType = sourcecode.c.h; path = OverviewController2.h; sourceTree = "<group>"; };
		C3C74C881808387400D9E144 /* OverviewController2.m */ = {isa = PBXFileReference; fileEncoding = 4; lastKnownFileType = sourcecode.c.objc; path = OverviewController2.m; sourceTree = "<group>"; };
		C3C74C891808387500D9E144 /* OverviewController2.xib */ = {isa = PBXFileReference; fileEncoding = 4; lastKnownFileType = file.xib; path = OverviewController2.xib; sourceTree = "<group>"; };
		C3C74C8D180845C300D9E144 /* SideScrollLayoutSmall.h */ = {isa = PBXFileReference; fileEncoding = 4; lastKnownFileType = sourcecode.c.h; path = SideScrollLayoutSmall.h; sourceTree = "<group>"; };
		C3C74C8E180845C300D9E144 /* SideScrollLayoutSmall.m */ = {isa = PBXFileReference; fileEncoding = 4; lastKnownFileType = sourcecode.c.objc; path = SideScrollLayoutSmall.m; sourceTree = "<group>"; };
		C3C74C9018084A6700D9E144 /* SideScrollBig.h */ = {isa = PBXFileReference; fileEncoding = 4; lastKnownFileType = sourcecode.c.h; path = SideScrollBig.h; sourceTree = "<group>"; };
		C3C74C9118084A6700D9E144 /* SideScrollBig.m */ = {isa = PBXFileReference; fileEncoding = 4; lastKnownFileType = sourcecode.c.objc; path = SideScrollBig.m; sourceTree = "<group>"; };
		C3C8491B17FD558D005E328A /* Movie.h */ = {isa = PBXFileReference; fileEncoding = 4; lastKnownFileType = sourcecode.c.h; path = Movie.h; sourceTree = "<group>"; };
		C3C8491C17FD558D005E328A /* Movie.m */ = {isa = PBXFileReference; fileEncoding = 4; lastKnownFileType = sourcecode.c.objc; path = Movie.m; sourceTree = "<group>"; };
		C3C8491E17FD55D3005E328A /* Actor.h */ = {isa = PBXFileReference; fileEncoding = 4; lastKnownFileType = sourcecode.c.h; path = Actor.h; sourceTree = "<group>"; };
		C3C8491F17FD55D3005E328A /* Actor.m */ = {isa = PBXFileReference; fileEncoding = 4; lastKnownFileType = sourcecode.c.objc; path = Actor.m; sourceTree = "<group>"; };
		C3C8492817FD9A0F005E328A /* SmartCollectionViewController.h */ = {isa = PBXFileReference; fileEncoding = 4; lastKnownFileType = sourcecode.c.h; path = SmartCollectionViewController.h; sourceTree = "<group>"; };
		C3C8492917FD9A0F005E328A /* SmartCollectionViewController.m */ = {isa = PBXFileReference; fileEncoding = 4; lastKnownFileType = sourcecode.c.objc; path = SmartCollectionViewController.m; sourceTree = "<group>"; };
		C3C8492A17FD9A0F005E328A /* SmartCollectionViewController.xib */ = {isa = PBXFileReference; fileEncoding = 4; lastKnownFileType = file.xib; path = SmartCollectionViewController.xib; sourceTree = "<group>"; };
		C3DF6493180D70DC00C10F46 /* banner-3-movies.jpg */ = {isa = PBXFileReference; lastKnownFileType = image.jpeg; path = "banner-3-movies.jpg"; sourceTree = "<group>"; };
		C3DF6494180D70DC00C10F46 /* banner-4-movies.jpg */ = {isa = PBXFileReference; lastKnownFileType = image.jpeg; path = "banner-4-movies.jpg"; sourceTree = "<group>"; };
		C3DF6495180D70DC00C10F46 /* banner-5-movies.jpg */ = {isa = PBXFileReference; lastKnownFileType = image.jpeg; path = "banner-5-movies.jpg"; sourceTree = "<group>"; };
		C3DF6499180D70F900C10F46 /* cover-3.jpg */ = {isa = PBXFileReference; lastKnownFileType = image.jpeg; path = "cover-3.jpg"; sourceTree = "<group>"; };
		C3DF649B180D70F900C10F46 /* cover-5.jpg */ = {isa = PBXFileReference; lastKnownFileType = image.jpeg; path = "cover-5.jpg"; sourceTree = "<group>"; };
		C3DF649C180D70F900C10F46 /* cover-6.jpg */ = {isa = PBXFileReference; lastKnownFileType = image.jpeg; path = "cover-6.jpg"; sourceTree = "<group>"; };
		C3DF649D180D70F900C10F46 /* cover-7.jpg */ = {isa = PBXFileReference; lastKnownFileType = image.jpeg; path = "cover-7.jpg"; sourceTree = "<group>"; };
		C3DF64A6180D8E0D00C10F46 /* DropDownMenu.h */ = {isa = PBXFileReference; fileEncoding = 4; lastKnownFileType = sourcecode.c.h; path = DropDownMenu.h; sourceTree = "<group>"; };
		C3DF64A7180D8E0D00C10F46 /* DropDownMenu.m */ = {isa = PBXFileReference; fileEncoding = 4; lastKnownFileType = sourcecode.c.objc; path = DropDownMenu.m; sourceTree = "<group>"; };
		C3E686A61802B74400395C34 /* ListFlowLayout.h */ = {isa = PBXFileReference; fileEncoding = 4; lastKnownFileType = sourcecode.c.h; path = ListFlowLayout.h; sourceTree = "<group>"; };
		C3E686A71802B74400395C34 /* ListFlowLayout.m */ = {isa = PBXFileReference; fileEncoding = 4; lastKnownFileType = sourcecode.c.objc; path = ListFlowLayout.m; sourceTree = "<group>"; };
		C3E686A91802B76200395C34 /* GridFlowLayout.h */ = {isa = PBXFileReference; fileEncoding = 4; lastKnownFileType = sourcecode.c.h; path = GridFlowLayout.h; sourceTree = "<group>"; };
		C3E686AA1802B76200395C34 /* GridFlowLayout.m */ = {isa = PBXFileReference; fileEncoding = 4; lastKnownFileType = sourcecode.c.objc; path = GridFlowLayout.m; sourceTree = "<group>"; };
		C3E686B11802BA2300395C34 /* ListCell.xib */ = {isa = PBXFileReference; fileEncoding = 4; lastKnownFileType = file.xib; path = ListCell.xib; sourceTree = "<group>"; };
		C3E686B31802BA3B00395C34 /* ListCell.h */ = {isa = PBXFileReference; fileEncoding = 4; lastKnownFileType = sourcecode.c.h; path = ListCell.h; sourceTree = "<group>"; };
		C3E686B41802BA3C00395C34 /* ListCell.m */ = {isa = PBXFileReference; fileEncoding = 4; lastKnownFileType = sourcecode.c.objc; path = ListCell.m; sourceTree = "<group>"; };
		C3F34F451802BBB600CD4687 /* GridCell.xib */ = {isa = PBXFileReference; fileEncoding = 4; lastKnownFileType = file.xib; path = GridCell.xib; sourceTree = "<group>"; };
		C3F34F471802BBE600CD4687 /* GridCell.h */ = {isa = PBXFileReference; fileEncoding = 4; lastKnownFileType = sourcecode.c.h; path = GridCell.h; sourceTree = "<group>"; };
		C3F34F481802BBE600CD4687 /* GridCell.m */ = {isa = PBXFileReference; fileEncoding = 4; lastKnownFileType = sourcecode.c.objc; path = GridCell.m; sourceTree = "<group>"; };
		C3F4458B17F95DE400BCF352 /* ContentOverviewViewController.h */ = {isa = PBXFileReference; fileEncoding = 4; lastKnownFileType = sourcecode.c.h; path = ContentOverviewViewController.h; sourceTree = "<group>"; };
		C3F4458C17F95DE400BCF352 /* ContentOverviewViewController.m */ = {isa = PBXFileReference; fileEncoding = 4; lastKnownFileType = sourcecode.c.objc; path = ContentOverviewViewController.m; sourceTree = "<group>"; };
		C3F4458D17F95DE400BCF352 /* ContentOverviewViewController.xib */ = {isa = PBXFileReference; fileEncoding = 4; lastKnownFileType = file.xib; path = ContentOverviewViewController.xib; sourceTree = "<group>"; };
		C3F4459017F9678900BCF352 /* ImageCell.h */ = {isa = PBXFileReference; fileEncoding = 4; lastKnownFileType = sourcecode.c.h; path = ImageCell.h; sourceTree = "<group>"; };
		C3F4459117F9678900BCF352 /* ImageCell.m */ = {isa = PBXFileReference; fileEncoding = 4; lastKnownFileType = sourcecode.c.objc; path = ImageCell.m; sourceTree = "<group>"; };
		C3F4459317F967AD00BCF352 /* ImageCell.xib */ = {isa = PBXFileReference; fileEncoding = 4; lastKnownFileType = file.xib; path = ImageCell.xib; sourceTree = "<group>"; };
		C3F4459517F96A6000BCF352 /* SnappingLayout.h */ = {isa = PBXFileReference; fileEncoding = 4; lastKnownFileType = sourcecode.c.h; path = SnappingLayout.h; sourceTree = "<group>"; };
		C3F4459617F96A6000BCF352 /* SnappingLayout.m */ = {isa = PBXFileReference; fileEncoding = 4; lastKnownFileType = sourcecode.c.objc; path = SnappingLayout.m; sourceTree = "<group>"; };
		C3F74A9417F5B86D009DD81F /* AtflickVersion2.app */ = {isa = PBXFileReference; explicitFileType = wrapper.application; includeInIndex = 0; path = AtflickVersion2.app; sourceTree = BUILT_PRODUCTS_DIR; };
		C3F74A9717F5B86D009DD81F /* UIKit.framework */ = {isa = PBXFileReference; lastKnownFileType = wrapper.framework; name = UIKit.framework; path = System/Library/Frameworks/UIKit.framework; sourceTree = SDKROOT; };
		C3F74A9917F5B86D009DD81F /* Foundation.framework */ = {isa = PBXFileReference; lastKnownFileType = wrapper.framework; name = Foundation.framework; path = System/Library/Frameworks/Foundation.framework; sourceTree = SDKROOT; };
		C3F74A9B17F5B86D009DD81F /* CoreGraphics.framework */ = {isa = PBXFileReference; lastKnownFileType = wrapper.framework; name = CoreGraphics.framework; path = System/Library/Frameworks/CoreGraphics.framework; sourceTree = SDKROOT; };
		C3F74A9D17F5B86D009DD81F /* CoreData.framework */ = {isa = PBXFileReference; lastKnownFileType = wrapper.framework; name = CoreData.framework; path = System/Library/Frameworks/CoreData.framework; sourceTree = SDKROOT; };
		C3F74AA117F5B86D009DD81F /* AtflickVersion2-Info.plist */ = {isa = PBXFileReference; lastKnownFileType = text.plist.xml; path = "AtflickVersion2-Info.plist"; sourceTree = "<group>"; };
		C3F74AA317F5B86D009DD81F /* en */ = {isa = PBXFileReference; lastKnownFileType = text.plist.strings; name = en; path = en.lproj/InfoPlist.strings; sourceTree = "<group>"; };
		C3F74AA517F5B86D009DD81F /* main.m */ = {isa = PBXFileReference; lastKnownFileType = sourcecode.c.objc; path = main.m; sourceTree = "<group>"; };
		C3F74AA717F5B86D009DD81F /* AtflickVersion2-Prefix.pch */ = {isa = PBXFileReference; lastKnownFileType = sourcecode.c.h; path = "AtflickVersion2-Prefix.pch"; sourceTree = "<group>"; };
		C3F74AA817F5B86D009DD81F /* AppDelegate.h */ = {isa = PBXFileReference; lastKnownFileType = sourcecode.c.h; path = AppDelegate.h; sourceTree = "<group>"; };
		C3F74AA917F5B86D009DD81F /* AppDelegate.m */ = {isa = PBXFileReference; lastKnownFileType = sourcecode.c.objc; path = AppDelegate.m; sourceTree = "<group>"; };
		C3F74AAB17F5B86E009DD81F /* Default.png */ = {isa = PBXFileReference; lastKnownFileType = image.png; path = Default.png; sourceTree = "<group>"; };
		C3F74AAD17F5B86E009DD81F /* Default@2x.png */ = {isa = PBXFileReference; lastKnownFileType = image.png; path = "Default@2x.png"; sourceTree = "<group>"; };
		C3F74AAF17F5B86E009DD81F /* Default-568h@2x.png */ = {isa = PBXFileReference; lastKnownFileType = image.png; path = "Default-568h@2x.png"; sourceTree = "<group>"; };
		C3F74AB217F5B86E009DD81F /* AtflickVersion2.xcdatamodel */ = {isa = PBXFileReference; lastKnownFileType = wrapper.xcdatamodel; path = AtflickVersion2.xcdatamodel; sourceTree = "<group>"; };
		C3F74AB917F5B86E009DD81F /* AtflickVersion2Tests.octest */ = {isa = PBXFileReference; explicitFileType = wrapper.cfbundle; includeInIndex = 0; path = AtflickVersion2Tests.octest; sourceTree = BUILT_PRODUCTS_DIR; };
		C3F74ABA17F5B86E009DD81F /* SenTestingKit.framework */ = {isa = PBXFileReference; lastKnownFileType = wrapper.framework; name = SenTestingKit.framework; path = Library/Frameworks/SenTestingKit.framework; sourceTree = DEVELOPER_DIR; };
		C3F74AC317F5B86E009DD81F /* AtflickVersion2Tests-Info.plist */ = {isa = PBXFileReference; lastKnownFileType = text.plist.xml; path = "AtflickVersion2Tests-Info.plist"; sourceTree = "<group>"; };
		C3F74AC517F5B86E009DD81F /* en */ = {isa = PBXFileReference; lastKnownFileType = text.plist.strings; name = en; path = en.lproj/InfoPlist.strings; sourceTree = "<group>"; };
		C3F74AC717F5B86E009DD81F /* AtflickVersion2Tests.h */ = {isa = PBXFileReference; lastKnownFileType = sourcecode.c.h; path = AtflickVersion2Tests.h; sourceTree = "<group>"; };
		C3F74AC817F5B86E009DD81F /* AtflickVersion2Tests.m */ = {isa = PBXFileReference; lastKnownFileType = sourcecode.c.objc; path = AtflickVersion2Tests.m; sourceTree = "<group>"; };
		C3F74AD217F5B8BE009DD81F /* RootViewController.h */ = {isa = PBXFileReference; fileEncoding = 4; lastKnownFileType = sourcecode.c.h; path = RootViewController.h; sourceTree = "<group>"; };
		C3F74AD317F5B8BE009DD81F /* RootViewController.m */ = {isa = PBXFileReference; fileEncoding = 4; lastKnownFileType = sourcecode.c.objc; path = RootViewController.m; sourceTree = "<group>"; };
		C3F74AD417F5B8BE009DD81F /* RootViewController.xib */ = {isa = PBXFileReference; fileEncoding = 4; lastKnownFileType = file.xib; path = RootViewController.xib; sourceTree = "<group>"; };
		C3F74AD817F5BC0C009DD81F /* TvContentViewController.h */ = {isa = PBXFileReference; fileEncoding = 4; lastKnownFileType = sourcecode.c.h; path = TvContentViewController.h; sourceTree = "<group>"; };
		C3F74AD917F5BC0C009DD81F /* TvContentViewController.m */ = {isa = PBXFileReference; fileEncoding = 4; lastKnownFileType = sourcecode.c.objc; path = TvContentViewController.m; sourceTree = "<group>"; };
		C3F74ADA17F5BC0C009DD81F /* TvContentViewController.xib */ = {isa = PBXFileReference; fileEncoding = 4; lastKnownFileType = file.xib; path = TvContentViewController.xib; sourceTree = "<group>"; };
		C3F74ADE17F5BC36009DD81F /* FilmContentViewController.h */ = {isa = PBXFileReference; fileEncoding = 4; lastKnownFileType = sourcecode.c.h; path = FilmContentViewController.h; sourceTree = "<group>"; };
		C3F74ADF17F5BC36009DD81F /* FilmContentViewController.m */ = {isa = PBXFileReference; fileEncoding = 4; lastKnownFileType = sourcecode.c.objc; path = FilmContentViewController.m; sourceTree = "<group>"; };
		C3F74AE017F5BC36009DD81F /* FilmContentViewController.xib */ = {isa = PBXFileReference; fileEncoding = 4; lastKnownFileType = file.xib; path = FilmContentViewController.xib; sourceTree = "<group>"; };
		C3F74AE517F5C03A009DD81F /* MainMenuTableViewCell.h */ = {isa = PBXFileReference; fileEncoding = 4; lastKnownFileType = sourcecode.c.h; path = MainMenuTableViewCell.h; sourceTree = "<group>"; };
		C3F74AE617F5C03A009DD81F /* MainMenuTableViewCell.m */ = {isa = PBXFileReference; fileEncoding = 4; lastKnownFileType = sourcecode.c.objc; path = MainMenuTableViewCell.m; sourceTree = "<group>"; };
		C3F74AE717F5C03A009DD81F /* MainMenuTableViewCell.xib */ = {isa = PBXFileReference; fileEncoding = 4; lastKnownFileType = file.xib; path = MainMenuTableViewCell.xib; sourceTree = "<group>"; };
		C3F74AE817F5C03A009DD81F /* MainMenuViewController.h */ = {isa = PBXFileReference; fileEncoding = 4; lastKnownFileType = sourcecode.c.h; path = MainMenuViewController.h; sourceTree = "<group>"; };
		C3F74AE917F5C03A009DD81F /* MainMenuViewController.m */ = {isa = PBXFileReference; fileEncoding = 4; lastKnownFileType = sourcecode.c.objc; path = MainMenuViewController.m; sourceTree = "<group>"; };
		C3F74AEA17F5C03A009DD81F /* MainMenuViewController.xib */ = {isa = PBXFileReference; fileEncoding = 4; lastKnownFileType = file.xib; path = MainMenuViewController.xib; sourceTree = "<group>"; };
		C3F74AF017F5C2A5009DD81F /* ArrayDataSource.h */ = {isa = PBXFileReference; fileEncoding = 4; lastKnownFileType = sourcecode.c.h; path = ArrayDataSource.h; sourceTree = "<group>"; };
		C3F74AF117F5C2A5009DD81F /* ArrayDataSource.m */ = {isa = PBXFileReference; fileEncoding = 4; lastKnownFileType = sourcecode.c.objc; path = ArrayDataSource.m; sourceTree = "<group>"; };
/* End PBXFileReference section */

/* Begin PBXFrameworksBuildPhase section */
		C3F74A9117F5B86D009DD81F /* Frameworks */ = {
			isa = PBXFrameworksBuildPhase;
			buildActionMask = 2147483647;
			files = (
				C3F74A9817F5B86D009DD81F /* UIKit.framework in Frameworks */,
				C3F74A9A17F5B86D009DD81F /* Foundation.framework in Frameworks */,
				C3F74A9C17F5B86D009DD81F /* CoreGraphics.framework in Frameworks */,
				C3F74A9E17F5B86D009DD81F /* CoreData.framework in Frameworks */,
			);
			runOnlyForDeploymentPostprocessing = 0;
		};
		C3F74AB517F5B86E009DD81F /* Frameworks */ = {
			isa = PBXFrameworksBuildPhase;
			buildActionMask = 2147483647;
			files = (
				C3F74ABB17F5B86E009DD81F /* SenTestingKit.framework in Frameworks */,
				C3F74ABC17F5B86E009DD81F /* UIKit.framework in Frameworks */,
				C3F74ABD17F5B86E009DD81F /* Foundation.framework in Frameworks */,
				C3F74ABE17F5B86E009DD81F /* CoreData.framework in Frameworks */,
			);
			runOnlyForDeploymentPostprocessing = 0;
		};
/* End PBXFrameworksBuildPhase section */

/* Begin PBXGroup section */
		C30BDE89180BD64600D5C5D3 /* Images */ = {
			isa = PBXGroup;
			children = (
				C3DF6499180D70F900C10F46 /* cover-3.jpg */,
				C3DF649B180D70F900C10F46 /* cover-5.jpg */,
				C3DF649C180D70F900C10F46 /* cover-6.jpg */,
				C3DF649D180D70F900C10F46 /* cover-7.jpg */,
				C3DF6493180D70DC00C10F46 /* banner-3-movies.jpg */,
				C3DF6494180D70DC00C10F46 /* banner-4-movies.jpg */,
				C3DF6495180D70DC00C10F46 /* banner-5-movies.jpg */,
				C3C6DBCE180D46C40045E8F6 /* background.png */,
				C30BDE8C180BD72300D5C5D3 /* banner-1-tv.png */,
				C30BDE8D180BD72300D5C5D3 /* banner-2-movies.png */,
				C30BDE8E180BD72300D5C5D3 /* banner-3-web.png */,
				C30BDE8F180BD72300D5C5D3 /* cover-1.png */,
				C30BDE90180BD72300D5C5D3 /* cover-2.png */,
				C30BDE91180BD72300D5C5D3 /* tv-mini-2.png */,
				C30BDE92180BD72300D5C5D3 /* tv-mini.png */,
			);
			name = Images;
			sourceTree = "<group>";
		};
		C348A540180C22F200C49540 /* Config files */ = {
			isa = PBXGroup;
			children = (
				C348A541180C232200C49540 /* Colors.h */,
			);
			name = "Config files";
			sourceTree = "<group>";
		};
		C34B8AA717FC548600014C1E /* ContentViewControllers */ = {
			isa = PBXGroup;
			children = (
				C34B8AA817FC54B000014C1E /* ContentViewController.h */,
				C34B8AA917FC54B000014C1E /* ContentViewController.m */,
				C3F74ADD17F5BC13009DD81F /* TvContentViewController */,
				C3F74AE317F5BC3E009DD81F /* FilmContentViewController */,
			);
			name = ContentViewControllers;
			sourceTree = "<group>";
		};
		C34BA703180BE75800D26F96 /* PopOverViewController */ = {
			isa = PBXGroup;
			children = (
				C34BA704180BE7A300D26F96 /* PopOverController.h */,
				C34BA705180BE7A300D26F96 /* PopOverController.m */,
				C34BA706180BE7A300D26F96 /* PopOverController.xib */,
				C34BA709180C048000D26F96 /* popOverViews */,
				C31F9549180E773D00A26A99 /* InfoViewAnimationController.h */,
				C31F954A180E773D00A26A99 /* InfoViewAnimationController.m */,
				C31F954B180E773D00A26A99 /* InfoViewAnimationController.xib */,
			);
			name = PopOverViewController;
			sourceTree = "<group>";
		};
		C34BA709180C048000D26F96 /* popOverViews */ = {
			isa = PBXGroup;
			children = (
				C3C6DBC8180D25870045E8F6 /* InfoViewController.h */,
				C3C6DBC9180D25870045E8F6 /* InfoViewController.m */,
				C3C6DBC7180D24640045E8F6 /* FilmPopOver */,
			);
			name = popOverViews;
			sourceTree = "<group>";
		};
		C3BEDDD617FAB4CC00E807D4 /* ViewTypes */ = {
			isa = PBXGroup;
			children = (
				C3BEDDD317FAB49D00E807D4 /* ContentDisplayView.h */,
				C3BEDDD417FAB49D00E807D4 /* ContentDisplayView.m */,
				C3C8492717FD99DB005E328A /* SmartCollectionViewController */,
				C3F4458A17F95D9500BCF352 /* Overview */,
				C3C74C8C1808457000D9E144 /* OverViewController */,
			);
			name = ViewTypes;
			sourceTree = "<group>";
		};
		C3C6DBC7180D24640045E8F6 /* FilmPopOver */ = {
			isa = PBXGroup;
			children = (
				C3B8A2231802E39000E19861 /* FilmPopOverViewController.h */,
				C3B8A2241802E39000E19861 /* FilmPopOverViewController.m */,
				C3B8A2251802E39100E19861 /* FilmPopOverViewController.xib */,
			);
			name = FilmPopOver;
			sourceTree = "<group>";
		};
		C3C6DBCB180D37340045E8F6 /* Fonts */ = {
			isa = PBXGroup;
			children = (
				C3C6DBCC180D37B80045E8F6 /* VionLabs.ttf */,
			);
			name = Fonts;
			sourceTree = "<group>";
		};
		C3C74C801808027D00D9E144 /* DataAccessObject */ = {
			isa = PBXGroup;
			children = (
				C30BDE9A180BD81000D5C5D3 /* MovieDAO.h */,
				C30BDE9B180BD81000D5C5D3 /* MovieDAO.m */,
			);
			name = DataAccessObject;
			sourceTree = "<group>";
		};
		C3C74C8C1808457000D9E144 /* OverViewController */ = {
			isa = PBXGroup;
			children = (
				C3C74C871808387300D9E144 /* OverviewController2.h */,
				C3C74C881808387400D9E144 /* OverviewController2.m */,
				C3C74C891808387500D9E144 /* OverviewController2.xib */,
				C3C74C8D180845C300D9E144 /* SideScrollLayoutSmall.h */,
				C3C74C8E180845C300D9E144 /* SideScrollLayoutSmall.m */,
				C3C74C9018084A6700D9E144 /* SideScrollBig.h */,
				C3C74C9118084A6700D9E144 /* SideScrollBig.m */,
			);
			name = OverViewController;
			sourceTree = "<group>";
		};
		C3C8491A17FD5568005E328A /* Model classes */ = {
			isa = PBXGroup;
			children = (
				C3C8491B17FD558D005E328A /* Movie.h */,
				C3C8491C17FD558D005E328A /* Movie.m */,
				C3C8491E17FD55D3005E328A /* Actor.h */,
				C3C8491F17FD55D3005E328A /* Actor.m */,
			);
			name = "Model classes";
			sourceTree = "<group>";
		};
		C3C8492717FD99DB005E328A /* SmartCollectionViewController */ = {
			isa = PBXGroup;
			children = (
				C3C8492817FD9A0F005E328A /* SmartCollectionViewController.h */,
				C3C8492917FD9A0F005E328A /* SmartCollectionViewController.m */,
				C3C8492A17FD9A0F005E328A /* SmartCollectionViewController.xib */,
				C3E686A61802B74400395C34 /* ListFlowLayout.h */,
				C3E686A71802B74400395C34 /* ListFlowLayout.m */,
				C3E686A91802B76200395C34 /* GridFlowLayout.h */,
				C3E686AA1802B76200395C34 /* GridFlowLayout.m */,
				C3E686B11802BA2300395C34 /* ListCell.xib */,
				C3E686B31802BA3B00395C34 /* ListCell.h */,
				C3E686B41802BA3C00395C34 /* ListCell.m */,
				C3F34F451802BBB600CD4687 /* GridCell.xib */,
				C3F34F471802BBE600CD4687 /* GridCell.h */,
				C3F34F481802BBE600CD4687 /* GridCell.m */,
			);
			name = SmartCollectionViewController;
			sourceTree = "<group>";
		};
		C3F4458A17F95D9500BCF352 /* Overview */ = {
			isa = PBXGroup;
			children = (
				C3F4458B17F95DE400BCF352 /* ContentOverviewViewController.h */,
				C3F4458C17F95DE400BCF352 /* ContentOverviewViewController.m */,
				C3F4458D17F95DE400BCF352 /* ContentOverviewViewController.xib */,
				C3F4459017F9678900BCF352 /* ImageCell.h */,
				C3F4459117F9678900BCF352 /* ImageCell.m */,
				C3F4459317F967AD00BCF352 /* ImageCell.xib */,
			);
			name = Overview;
			sourceTree = "<group>";
		};
		C3F74A8B17F5B86D009DD81F = {
			isa = PBXGroup;
			children = (
				C3F74A9F17F5B86D009DD81F /* AtflickVersion2 */,
				C3F74AC117F5B86E009DD81F /* AtflickVersion2Tests */,
				C3F74A9617F5B86D009DD81F /* Frameworks */,
				C3F74A9517F5B86D009DD81F /* Products */,
			);
			sourceTree = "<group>";
		};
		C3F74A9517F5B86D009DD81F /* Products */ = {
			isa = PBXGroup;
			children = (
				C3F74A9417F5B86D009DD81F /* AtflickVersion2.app */,
				C3F74AB917F5B86E009DD81F /* AtflickVersion2Tests.octest */,
			);
			name = Products;
			sourceTree = "<group>";
		};
		C3F74A9617F5B86D009DD81F /* Frameworks */ = {
			isa = PBXGroup;
			children = (
				C3F74A9717F5B86D009DD81F /* UIKit.framework */,
				C3F74A9917F5B86D009DD81F /* Foundation.framework */,
				C3F74A9B17F5B86D009DD81F /* CoreGraphics.framework */,
				C3F74A9D17F5B86D009DD81F /* CoreData.framework */,
				C3F74ABA17F5B86E009DD81F /* SenTestingKit.framework */,
			);
			name = Frameworks;
			sourceTree = "<group>";
		};
		C3F74A9F17F5B86D009DD81F /* AtflickVersion2 */ = {
			isa = PBXGroup;
			children = (
				C3C6DBCB180D37340045E8F6 /* Fonts */,
				C348A540180C22F200C49540 /* Config files */,
				C30BDE89180BD64600D5C5D3 /* Images */,
				C3C74C801808027D00D9E144 /* DataAccessObject */,
				C3C8491A17FD5568005E328A /* Model classes */,
				C3F74AA817F5B86D009DD81F /* AppDelegate.h */,
				C3F74AA917F5B86D009DD81F /* AppDelegate.m */,
				C3F74AB117F5B86E009DD81F /* AtflickVersion2.xcdatamodeld */,
				C3F74AE417F5BFEF009DD81F /* MainMenuViewController */,
				C3F74AD717F5BAD9009DD81F /* RootViewController */,
				C34B8AA717FC548600014C1E /* ContentViewControllers */,
				C3BEDDD617FAB4CC00E807D4 /* ViewTypes */,
				C34BA703180BE75800D26F96 /* PopOverViewController */,
				C3F74AEF17F5C28C009DD81F /* Other Classes */,
				C3F74AA017F5B86D009DD81F /* Supporting Files */,
			);
			path = AtflickVersion2;
			sourceTree = "<group>";
		};
		C3F74AA017F5B86D009DD81F /* Supporting Files */ = {
			isa = PBXGroup;
			children = (
				C3F74AA117F5B86D009DD81F /* AtflickVersion2-Info.plist */,
				C3F74AA217F5B86D009DD81F /* InfoPlist.strings */,
				C3F74AA517F5B86D009DD81F /* main.m */,
				C3F74AA717F5B86D009DD81F /* AtflickVersion2-Prefix.pch */,
				C3F74AAB17F5B86E009DD81F /* Default.png */,
				C3F74AAD17F5B86E009DD81F /* Default@2x.png */,
				C3F74AAF17F5B86E009DD81F /* Default-568h@2x.png */,
			);
			name = "Supporting Files";
			sourceTree = "<group>";
		};
		C3F74AC117F5B86E009DD81F /* AtflickVersion2Tests */ = {
			isa = PBXGroup;
			children = (
				C3F74AC717F5B86E009DD81F /* AtflickVersion2Tests.h */,
				C3F74AC817F5B86E009DD81F /* AtflickVersion2Tests.m */,
				C3F74AC217F5B86E009DD81F /* Supporting Files */,
			);
			path = AtflickVersion2Tests;
			sourceTree = "<group>";
		};
		C3F74AC217F5B86E009DD81F /* Supporting Files */ = {
			isa = PBXGroup;
			children = (
				C3F74AC317F5B86E009DD81F /* AtflickVersion2Tests-Info.plist */,
				C3F74AC417F5B86E009DD81F /* InfoPlist.strings */,
			);
			name = "Supporting Files";
			sourceTree = "<group>";
		};
		C3F74AD717F5BAD9009DD81F /* RootViewController */ = {
			isa = PBXGroup;
			children = (
				C3F74AD217F5B8BE009DD81F /* RootViewController.h */,
				C3F74AD317F5B8BE009DD81F /* RootViewController.m */,
				C3F74AD417F5B8BE009DD81F /* RootViewController.xib */,
			);
			name = RootViewController;
			sourceTree = "<group>";
		};
		C3F74ADD17F5BC13009DD81F /* TvContentViewController */ = {
			isa = PBXGroup;
			children = (
				C3F74AD817F5BC0C009DD81F /* TvContentViewController.h */,
				C3F74AD917F5BC0C009DD81F /* TvContentViewController.m */,
				C3F74ADA17F5BC0C009DD81F /* TvContentViewController.xib */,
			);
			name = TvContentViewController;
			sourceTree = "<group>";
		};
		C3F74AE317F5BC3E009DD81F /* FilmContentViewController */ = {
			isa = PBXGroup;
			children = (
				C3F74ADE17F5BC36009DD81F /* FilmContentViewController.h */,
				C3F74ADF17F5BC36009DD81F /* FilmContentViewController.m */,
				C3F74AE017F5BC36009DD81F /* FilmContentViewController.xib */,
			);
			name = FilmContentViewController;
			sourceTree = "<group>";
		};
		C3F74AE417F5BFEF009DD81F /* MainMenuViewController */ = {
			isa = PBXGroup;
			children = (
				C3F74AE517F5C03A009DD81F /* MainMenuTableViewCell.h */,
				C3F74AE617F5C03A009DD81F /* MainMenuTableViewCell.m */,
				C3F74AE717F5C03A009DD81F /* MainMenuTableViewCell.xib */,
				C3F74AE817F5C03A009DD81F /* MainMenuViewController.h */,
				C3F74AE917F5C03A009DD81F /* MainMenuViewController.m */,
				C3F74AEA17F5C03A009DD81F /* MainMenuViewController.xib */,
			);
			name = MainMenuViewController;
			sourceTree = "<group>";
		};
		C3F74AEF17F5C28C009DD81F /* Other Classes */ = {
			isa = PBXGroup;
			children = (
				C3DF64A6180D8E0D00C10F46 /* DropDownMenu.h */,
				C3DF64A7180D8E0D00C10F46 /* DropDownMenu.m */,
				C3F4459517F96A6000BCF352 /* SnappingLayout.h */,
				C3F4459617F96A6000BCF352 /* SnappingLayout.m */,
				C3F74AF017F5C2A5009DD81F /* ArrayDataSource.h */,
				C3F74AF117F5C2A5009DD81F /* ArrayDataSource.m */,
				C30EF14517F9B3FE003C1468 /* SnappingLayoutGrid.h */,
				C30EF14617F9B3FE003C1468 /* SnappingLayoutGrid.m */,
				C3C4CED117FC008D004FD63C /* ViewControllerHandler.h */,
				C3C4CED217FC008D004FD63C /* ViewControllerHandler.m */,
			);
			name = "Other Classes";
			sourceTree = "<group>";
		};
/* End PBXGroup section */

/* Begin PBXNativeTarget section */
		C3F74A9317F5B86D009DD81F /* AtflickVersion2 */ = {
			isa = PBXNativeTarget;
			buildConfigurationList = C3F74ACC17F5B86E009DD81F /* Build configuration list for PBXNativeTarget "AtflickVersion2" */;
			buildPhases = (
				C3F74A9017F5B86D009DD81F /* Sources */,
				C3F74A9117F5B86D009DD81F /* Frameworks */,
				C3F74A9217F5B86D009DD81F /* Resources */,
			);
			buildRules = (
			);
			dependencies = (
			);
			name = AtflickVersion2;
			productName = AtflickVersion2;
			productReference = C3F74A9417F5B86D009DD81F /* AtflickVersion2.app */;
			productType = "com.apple.product-type.application";
		};
		C3F74AB817F5B86E009DD81F /* AtflickVersion2Tests */ = {
			isa = PBXNativeTarget;
			buildConfigurationList = C3F74ACF17F5B86E009DD81F /* Build configuration list for PBXNativeTarget "AtflickVersion2Tests" */;
			buildPhases = (
				C3F74AB417F5B86E009DD81F /* Sources */,
				C3F74AB517F5B86E009DD81F /* Frameworks */,
				C3F74AB617F5B86E009DD81F /* Resources */,
				C3F74AB717F5B86E009DD81F /* ShellScript */,
			);
			buildRules = (
			);
			dependencies = (
				C3F74AC017F5B86E009DD81F /* PBXTargetDependency */,
			);
			name = AtflickVersion2Tests;
			productName = AtflickVersion2Tests;
			productReference = C3F74AB917F5B86E009DD81F /* AtflickVersion2Tests.octest */;
			productType = "com.apple.product-type.bundle";
		};
/* End PBXNativeTarget section */

/* Begin PBXProject section */
		C3F74A8C17F5B86D009DD81F /* Project object */ = {
			isa = PBXProject;
			attributes = {
				LastUpgradeCheck = 0460;
				ORGANIZATIONNAME = "Niklas Nilsson";
			};
			buildConfigurationList = C3F74A8F17F5B86D009DD81F /* Build configuration list for PBXProject "AtflickVersion2" */;
			compatibilityVersion = "Xcode 3.2";
			developmentRegion = English;
			hasScannedForEncodings = 0;
			knownRegions = (
				en,
			);
			mainGroup = C3F74A8B17F5B86D009DD81F;
			productRefGroup = C3F74A9517F5B86D009DD81F /* Products */;
			projectDirPath = "";
			projectRoot = "";
			targets = (
				C3F74A9317F5B86D009DD81F /* AtflickVersion2 */,
				C3F74AB817F5B86E009DD81F /* AtflickVersion2Tests */,
			);
		};
/* End PBXProject section */

/* Begin PBXResourcesBuildPhase section */
		C3F74A9217F5B86D009DD81F /* Resources */ = {
			isa = PBXResourcesBuildPhase;
			buildActionMask = 2147483647;
			files = (
				C3F74AA417F5B86D009DD81F /* InfoPlist.strings in Resources */,
				C3F74AAC17F5B86E009DD81F /* Default.png in Resources */,
				C3F74AAE17F5B86E009DD81F /* Default@2x.png in Resources */,
				C3F74AB017F5B86E009DD81F /* Default-568h@2x.png in Resources */,
				C3F74AD617F5B8BE009DD81F /* RootViewController.xib in Resources */,
				C3F74ADC17F5BC0C009DD81F /* TvContentViewController.xib in Resources */,
				C3F74AE217F5BC36009DD81F /* FilmContentViewController.xib in Resources */,
				C3F74AEC17F5C03A009DD81F /* MainMenuTableViewCell.xib in Resources */,
				C3F74AEE17F5C03A009DD81F /* MainMenuViewController.xib in Resources */,
				C3F4458F17F95DE400BCF352 /* ContentOverviewViewController.xib in Resources */,
				C3F4459417F967AD00BCF352 /* ImageCell.xib in Resources */,
				C3C8492C17FD9A0F005E328A /* SmartCollectionViewController.xib in Resources */,
				C3E686B21802BA2300395C34 /* ListCell.xib in Resources */,
				C3F34F461802BBB600CD4687 /* GridCell.xib in Resources */,
				C3B8A2271802E39100E19861 /* FilmPopOverViewController.xib in Resources */,
				C3C74C8B1808387500D9E144 /* OverviewController2.xib in Resources */,
				C30BDE93180BD72300D5C5D3 /* banner-1-tv.png in Resources */,
				C30BDE94180BD72300D5C5D3 /* banner-2-movies.png in Resources */,
				C30BDE95180BD72300D5C5D3 /* banner-3-web.png in Resources */,
				C30BDE96180BD72300D5C5D3 /* cover-1.png in Resources */,
				C30BDE97180BD72300D5C5D3 /* cover-2.png in Resources */,
				C30BDE98180BD72300D5C5D3 /* tv-mini-2.png in Resources */,
				C30BDE99180BD72300D5C5D3 /* tv-mini.png in Resources */,
				C34BA708180BE7A300D26F96 /* PopOverController.xib in Resources */,
				C3C6DBCD180D37B80045E8F6 /* VionLabs.ttf in Resources */,
				C3C6DBCF180D46C40045E8F6 /* background.png in Resources */,
				C3DF6496180D70DC00C10F46 /* banner-3-movies.jpg in Resources */,
				C3DF6497180D70DC00C10F46 /* banner-4-movies.jpg in Resources */,
				C3DF6498180D70DC00C10F46 /* banner-5-movies.jpg in Resources */,
				C3DF649E180D70F900C10F46 /* cover-3.jpg in Resources */,
				C3DF64A0180D70F900C10F46 /* cover-5.jpg in Resources */,
				C3DF64A1180D70F900C10F46 /* cover-6.jpg in Resources */,
				C3DF64A2180D70F900C10F46 /* cover-7.jpg in Resources */,
				C31F954D180E773D00A26A99 /* InfoViewAnimationController.xib in Resources */,
			);
			runOnlyForDeploymentPostprocessing = 0;
		};
		C3F74AB617F5B86E009DD81F /* Resources */ = {
			isa = PBXResourcesBuildPhase;
			buildActionMask = 2147483647;
			files = (
				C3F74AC617F5B86E009DD81F /* InfoPlist.strings in Resources */,
			);
			runOnlyForDeploymentPostprocessing = 0;
		};
/* End PBXResourcesBuildPhase section */

/* Begin PBXShellScriptBuildPhase section */
		C3F74AB717F5B86E009DD81F /* ShellScript */ = {
			isa = PBXShellScriptBuildPhase;
			buildActionMask = 2147483647;
			files = (
			);
			inputPaths = (
			);
			outputPaths = (
			);
			runOnlyForDeploymentPostprocessing = 0;
			shellPath = /bin/sh;
			shellScript = "# Run the unit tests in this test bundle.\n\"${SYSTEM_DEVELOPER_DIR}/Tools/RunUnitTests\"\n";
		};
/* End PBXShellScriptBuildPhase section */

/* Begin PBXSourcesBuildPhase section */
		C3F74A9017F5B86D009DD81F /* Sources */ = {
			isa = PBXSourcesBuildPhase;
			buildActionMask = 2147483647;
			files = (
				C3F74AA617F5B86D009DD81F /* main.m in Sources */,
				C3F74AAA17F5B86D009DD81F /* AppDelegate.m in Sources */,
				C3F74AB317F5B86E009DD81F /* AtflickVersion2.xcdatamodeld in Sources */,
				C3F74AD517F5B8BE009DD81F /* RootViewController.m in Sources */,
				C3F74ADB17F5BC0C009DD81F /* TvContentViewController.m in Sources */,
				C3F74AE117F5BC36009DD81F /* FilmContentViewController.m in Sources */,
				C3F74AEB17F5C03A009DD81F /* MainMenuTableViewCell.m in Sources */,
				C3F74AED17F5C03A009DD81F /* MainMenuViewController.m in Sources */,
				C3F74AF217F5C2A6009DD81F /* ArrayDataSource.m in Sources */,
				C3F4458E17F95DE400BCF352 /* ContentOverviewViewController.m in Sources */,
				C3F4459217F9678900BCF352 /* ImageCell.m in Sources */,
				C3F4459717F96A6000BCF352 /* SnappingLayout.m in Sources */,
				C30EF14717F9B3FE003C1468 /* SnappingLayoutGrid.m in Sources */,
				C3BEDDD517FAB49D00E807D4 /* ContentDisplayView.m in Sources */,
				C3C4CED317FC008D004FD63C /* ViewControllerHandler.m in Sources */,
				C34B8AAA17FC54B000014C1E /* ContentViewController.m in Sources */,
				C3C8491D17FD558D005E328A /* Movie.m in Sources */,
				C3C8492017FD55D3005E328A /* Actor.m in Sources */,
				C3C8492B17FD9A0F005E328A /* SmartCollectionViewController.m in Sources */,
				C3E686A81802B74400395C34 /* ListFlowLayout.m in Sources */,
				C3E686AB1802B76200395C34 /* GridFlowLayout.m in Sources */,
				C3E686B51802BA3C00395C34 /* ListCell.m in Sources */,
				C3F34F491802BBE600CD4687 /* GridCell.m in Sources */,
				C3B8A2261802E39100E19861 /* FilmPopOverViewController.m in Sources */,
				C3C74C8A1808387500D9E144 /* OverviewController2.m in Sources */,
				C3C74C8F180845C300D9E144 /* SideScrollLayoutSmall.m in Sources */,
				C3C74C9218084A6700D9E144 /* SideScrollBig.m in Sources */,
				C30BDE9C180BD81000D5C5D3 /* MovieDAO.m in Sources */,
				C34BA707180BE7A300D26F96 /* PopOverController.m in Sources */,
				C3C6DBCA180D25880045E8F6 /* InfoViewController.m in Sources */,
				C3DF64A8180D8E0D00C10F46 /* DropDownMenu.m in Sources */,
				C31F954C180E773D00A26A99 /* InfoViewAnimationController.m in Sources */,
			);
			runOnlyForDeploymentPostprocessing = 0;
		};
		C3F74AB417F5B86E009DD81F /* Sources */ = {
			isa = PBXSourcesBuildPhase;
			buildActionMask = 2147483647;
			files = (
				C3F74AC917F5B86E009DD81F /* AtflickVersion2Tests.m in Sources */,
			);
			runOnlyForDeploymentPostprocessing = 0;
		};
/* End PBXSourcesBuildPhase section */

/* Begin PBXTargetDependency section */
		C3F74AC017F5B86E009DD81F /* PBXTargetDependency */ = {
			isa = PBXTargetDependency;
			target = C3F74A9317F5B86D009DD81F /* AtflickVersion2 */;
			targetProxy = C3F74ABF17F5B86E009DD81F /* PBXContainerItemProxy */;
		};
/* End PBXTargetDependency section */

/* Begin PBXVariantGroup section */
		C3F74AA217F5B86D009DD81F /* InfoPlist.strings */ = {
			isa = PBXVariantGroup;
			children = (
				C3F74AA317F5B86D009DD81F /* en */,
			);
			name = InfoPlist.strings;
			sourceTree = "<group>";
		};
		C3F74AC417F5B86E009DD81F /* InfoPlist.strings */ = {
			isa = PBXVariantGroup;
			children = (
				C3F74AC517F5B86E009DD81F /* en */,
			);
			name = InfoPlist.strings;
			sourceTree = "<group>";
		};
/* End PBXVariantGroup section */

/* Begin XCBuildConfiguration section */
		C3F74ACA17F5B86E009DD81F /* Debug */ = {
			isa = XCBuildConfiguration;
			buildSettings = {
				ALWAYS_SEARCH_USER_PATHS = NO;
				CLANG_CXX_LANGUAGE_STANDARD = "gnu++0x";
				CLANG_CXX_LIBRARY = "libc++";
				CLANG_ENABLE_OBJC_ARC = YES;
				CLANG_WARN_CONSTANT_CONVERSION = YES;
				CLANG_WARN_EMPTY_BODY = YES;
				CLANG_WARN_ENUM_CONVERSION = YES;
				CLANG_WARN_INT_CONVERSION = YES;
				CLANG_WARN__DUPLICATE_METHOD_MATCH = YES;
				"CODE_SIGN_IDENTITY[sdk=iphoneos*]" = "iPhone Developer";
				COPY_PHASE_STRIP = NO;
				GCC_C_LANGUAGE_STANDARD = gnu99;
				GCC_DYNAMIC_NO_PIC = NO;
				GCC_OPTIMIZATION_LEVEL = 0;
				GCC_PREPROCESSOR_DEFINITIONS = (
					"DEBUG=1",
					"$(inherited)",
				);
				GCC_SYMBOLS_PRIVATE_EXTERN = NO;
				GCC_WARN_ABOUT_RETURN_TYPE = YES;
				GCC_WARN_UNINITIALIZED_AUTOS = YES;
				GCC_WARN_UNUSED_VARIABLE = YES;
				IPHONEOS_DEPLOYMENT_TARGET = 6.1;
				ONLY_ACTIVE_ARCH = YES;
				SDKROOT = iphoneos;
				TARGETED_DEVICE_FAMILY = 2;
			};
			name = Debug;
		};
		C3F74ACB17F5B86E009DD81F /* Release */ = {
			isa = XCBuildConfiguration;
			buildSettings = {
				ALWAYS_SEARCH_USER_PATHS = NO;
				CLANG_CXX_LANGUAGE_STANDARD = "gnu++0x";
				CLANG_CXX_LIBRARY = "libc++";
				CLANG_ENABLE_OBJC_ARC = YES;
				CLANG_WARN_CONSTANT_CONVERSION = YES;
				CLANG_WARN_EMPTY_BODY = YES;
				CLANG_WARN_ENUM_CONVERSION = YES;
				CLANG_WARN_INT_CONVERSION = YES;
				CLANG_WARN__DUPLICATE_METHOD_MATCH = YES;
				"CODE_SIGN_IDENTITY[sdk=iphoneos*]" = "iPhone Developer";
				COPY_PHASE_STRIP = YES;
				GCC_C_LANGUAGE_STANDARD = gnu99;
				GCC_WARN_ABOUT_RETURN_TYPE = YES;
				GCC_WARN_UNINITIALIZED_AUTOS = YES;
				GCC_WARN_UNUSED_VARIABLE = YES;
				IPHONEOS_DEPLOYMENT_TARGET = 6.1;
				OTHER_CFLAGS = "-DNS_BLOCK_ASSERTIONS=1";
				SDKROOT = iphoneos;
				TARGETED_DEVICE_FAMILY = 2;
				VALIDATE_PRODUCT = YES;
			};
			name = Release;
		};
		C3F74ACD17F5B86E009DD81F /* Debug */ = {
			isa = XCBuildConfiguration;
			buildSettings = {
				GCC_PRECOMPILE_PREFIX_HEADER = YES;
				GCC_PREFIX_HEADER = "AtflickVersion2/AtflickVersion2-Prefix.pch";
				INFOPLIST_FILE = "AtflickVersion2/AtflickVersion2-Info.plist";
				PRODUCT_NAME = "$(TARGET_NAME)";
				WRAPPER_EXTENSION = app;
			};
			name = Debug;
		};
		C3F74ACE17F5B86E009DD81F /* Release */ = {
			isa = XCBuildConfiguration;
			buildSettings = {
				GCC_PRECOMPILE_PREFIX_HEADER = YES;
				GCC_PREFIX_HEADER = "AtflickVersion2/AtflickVersion2-Prefix.pch";
				INFOPLIST_FILE = "AtflickVersion2/AtflickVersion2-Info.plist";
				PRODUCT_NAME = "$(TARGET_NAME)";
				WRAPPER_EXTENSION = app;
			};
			name = Release;
		};
		C3F74AD017F5B86E009DD81F /* Debug */ = {
			isa = XCBuildConfiguration;
			buildSettings = {
				BUNDLE_LOADER = "$(BUILT_PRODUCTS_DIR)/AtflickVersion2.app/AtflickVersion2";
				FRAMEWORK_SEARCH_PATHS = (
					"\"$(SDKROOT)/Developer/Library/Frameworks\"",
					"\"$(DEVELOPER_LIBRARY_DIR)/Frameworks\"",
				);
				GCC_PRECOMPILE_PREFIX_HEADER = YES;
				GCC_PREFIX_HEADER = "AtflickVersion2/AtflickVersion2-Prefix.pch";
				INFOPLIST_FILE = "AtflickVersion2Tests/AtflickVersion2Tests-Info.plist";
				PRODUCT_NAME = "$(TARGET_NAME)";
				TEST_HOST = "$(BUNDLE_LOADER)";
				WRAPPER_EXTENSION = octest;
			};
			name = Debug;
		};
		C3F74AD117F5B86E009DD81F /* Release */ = {
			isa = XCBuildConfiguration;
			buildSettings = {
				BUNDLE_LOADER = "$(BUILT_PRODUCTS_DIR)/AtflickVersion2.app/AtflickVersion2";
				FRAMEWORK_SEARCH_PATHS = (
					"\"$(SDKROOT)/Developer/Library/Frameworks\"",
					"\"$(DEVELOPER_LIBRARY_DIR)/Frameworks\"",
				);
				GCC_PRECOMPILE_PREFIX_HEADER = YES;
				GCC_PREFIX_HEADER = "AtflickVersion2/AtflickVersion2-Prefix.pch";
				INFOPLIST_FILE = "AtflickVersion2Tests/AtflickVersion2Tests-Info.plist";
				PRODUCT_NAME = "$(TARGET_NAME)";
				TEST_HOST = "$(BUNDLE_LOADER)";
				WRAPPER_EXTENSION = octest;
			};
			name = Release;
		};
/* End XCBuildConfiguration section */

/* Begin XCConfigurationList section */
		C3F74A8F17F5B86D009DD81F /* Build configuration list for PBXProject "AtflickVersion2" */ = {
			isa = XCConfigurationList;
			buildConfigurations = (
				C3F74ACA17F5B86E009DD81F /* Debug */,
				C3F74ACB17F5B86E009DD81F /* Release */,
			);
			defaultConfigurationIsVisible = 0;
			defaultConfigurationName = Release;
		};
		C3F74ACC17F5B86E009DD81F /* Build configuration list for PBXNativeTarget "AtflickVersion2" */ = {
			isa = XCConfigurationList;
			buildConfigurations = (
				C3F74ACD17F5B86E009DD81F /* Debug */,
				C3F74ACE17F5B86E009DD81F /* Release */,
			);
			defaultConfigurationIsVisible = 0;
			defaultConfigurationName = Release;
		};
		C3F74ACF17F5B86E009DD81F /* Build configuration list for PBXNativeTarget "AtflickVersion2Tests" */ = {
			isa = XCConfigurationList;
			buildConfigurations = (
				C3F74AD017F5B86E009DD81F /* Debug */,
				C3F74AD117F5B86E009DD81F /* Release */,
			);
			defaultConfigurationIsVisible = 0;
			defaultConfigurationName = Release;
		};
/* End XCConfigurationList section */

/* Begin XCVersionGroup section */
		C3F74AB117F5B86E009DD81F /* AtflickVersion2.xcdatamodeld */ = {
			isa = XCVersionGroup;
			children = (
				C3F74AB217F5B86E009DD81F /* AtflickVersion2.xcdatamodel */,
			);
			currentVersion = C3F74AB217F5B86E009DD81F /* AtflickVersion2.xcdatamodel */;
			path = AtflickVersion2.xcdatamodeld;
			sourceTree = "<group>";
			versionGroupType = wrapper.xcdatamodel;
		};
/* End XCVersionGroup section */
	};
	rootObject = C3F74A8C17F5B86D009DD81F /* Project object */;
}
